
Microsoft Visual Studio Solution File, Format Version 12.00
# Visual Studio Version 17
VisualStudioVersion = 17.5.33424.131
MinimumVisualStudioVersion = 10.0.40219.1
Project("{8BC9CEB8-8B4A-11D0-8D11-00A0C91BC942}") = "module-header", "module-header\module-header.vcxproj", "{2C2B4982-0792-4A54-9232-00C0F5FFC5C0}"
EndProject
Project("{8BC9CEB8-8B4A-11D0-8D11-00A0C91BC942}") = "syndication", "syndication\syndication.vcxproj", "{8979CDED-B3E9-46F4-8527-CEF94834B2A2}"
EndProject
Project("{8BC9CEB8-8B4A-11D0-8D11-00A0C91BC942}") = "json", "json\json.vcxproj", "{F7E3E76A-05DF-418C-8390-A487A870CC6F}"
EndProject
Project("{8BC9CEB8-8B4A-11D0-8D11-00A0C91BC942}") = "stream-socket-client", "stream-socket-client\stream-socket-client.vcxproj", "{031E0261-BC02-44E2-9855-889F37E7A1F8}"
EndProject
Project("{8BC9CEB8-8B4A-11D0-8D11-00A0C91BC942}") = "stream-socket-server", "stream-socket-server\stream-socket-server.vcxproj", "{87C4FBD3-BA94-47A3-86C5-8FF948E40CD9}"
EndProject
Project("{8BC9CEB8-8B4A-11D0-8D11-00A0C91BC942}") = "message-websocket-client", "message-websocket-client\message-websocket-client.vcxproj", "{3C68E525-24FF-4C55-A3FD-391C032A80D4}"
EndProject
Project("{8BC9CEB8-8B4A-11D0-8D11-00A0C91BC942}") = "message-websocket-server", "message-websocket-server\message-websocket-server.vcxproj", "{17506377-0385-4CDD-A101-2AB62FB200F4}"
EndProject
Project("{8BC9CEB8-8B4A-11D0-8D11-00A0C91BC942}") = "hello-world", "hello-world\hello-world.vcxproj", "{485D461A-0673-4C1C-B219-D8E029A12C74}"
EndProject
Project("{8BC9CEB8-8B4A-11D0-8D11-00A0C91BC942}") = "http-client", "http-client\http-client.vcxproj", "{0FC994AE-5D81-48A3-9E7F-DA8CA5D86707}"
EndProject
Project("{8BC9CEB8-8B4A-11D0-8D11-00A0C91BC942}") = "json-lib", "json-lib\json-lib.vcxproj", "{8B51FD20-9AD6-4BB8-A669-61E2D6048CF4}"
EndProject
Global
	GlobalSection(SolutionConfigurationPlatforms) = preSolution
		Debug|ARM = Debug|ARM
		Debug|ARM64 = Debug|ARM64
		Debug|x64 = Debug|x64
		Debug|x86 = Debug|x86
		Release|ARM = Release|ARM
		Release|ARM64 = Release|ARM64
		Release|x64 = Release|x64
		Release|x86 = Release|x86
	EndGlobalSection
	GlobalSection(ProjectConfigurationPlatforms) = postSolution
		{2C2B4982-0792-4A54-9232-00C0F5FFC5C0}.Debug|ARM.ActiveCfg = Debug|x64
		{2C2B4982-0792-4A54-9232-00C0F5FFC5C0}.Debug|ARM.Build.0 = Debug|x64
		{2C2B4982-0792-4A54-9232-00C0F5FFC5C0}.Debug|ARM64.ActiveCfg = Debug|x64
		{2C2B4982-0792-4A54-9232-00C0F5FFC5C0}.Debug|ARM64.Build.0 = Debug|x64
		{2C2B4982-0792-4A54-9232-00C0F5FFC5C0}.Debug|x64.ActiveCfg = Debug|x64
		{2C2B4982-0792-4A54-9232-00C0F5FFC5C0}.Debug|x64.Build.0 = Debug|x64
		{2C2B4982-0792-4A54-9232-00C0F5FFC5C0}.Debug|x86.ActiveCfg = Debug|Win32
		{2C2B4982-0792-4A54-9232-00C0F5FFC5C0}.Debug|x86.Build.0 = Debug|Win32
		{2C2B4982-0792-4A54-9232-00C0F5FFC5C0}.Release|ARM.ActiveCfg = Release|x64
		{2C2B4982-0792-4A54-9232-00C0F5FFC5C0}.Release|ARM.Build.0 = Release|x64
		{2C2B4982-0792-4A54-9232-00C0F5FFC5C0}.Release|ARM64.ActiveCfg = Release|x64
		{2C2B4982-0792-4A54-9232-00C0F5FFC5C0}.Release|ARM64.Build.0 = Release|x64
		{2C2B4982-0792-4A54-9232-00C0F5FFC5C0}.Release|x64.ActiveCfg = Release|x64
		{2C2B4982-0792-4A54-9232-00C0F5FFC5C0}.Release|x64.Build.0 = Release|x64
		{2C2B4982-0792-4A54-9232-00C0F5FFC5C0}.Release|x86.ActiveCfg = Release|Win32
		{2C2B4982-0792-4A54-9232-00C0F5FFC5C0}.Release|x86.Build.0 = Release|Win32
		{8979CDED-B3E9-46F4-8527-CEF94834B2A2}.Debug|ARM.ActiveCfg = Debug|x64
		{8979CDED-B3E9-46F4-8527-CEF94834B2A2}.Debug|ARM.Build.0 = Debug|x64
		{8979CDED-B3E9-46F4-8527-CEF94834B2A2}.Debug|ARM64.ActiveCfg = Debug|x64
		{8979CDED-B3E9-46F4-8527-CEF94834B2A2}.Debug|ARM64.Build.0 = Debug|x64
		{8979CDED-B3E9-46F4-8527-CEF94834B2A2}.Debug|x64.ActiveCfg = Debug|x64
		{8979CDED-B3E9-46F4-8527-CEF94834B2A2}.Debug|x64.Build.0 = Debug|x64
		{8979CDED-B3E9-46F4-8527-CEF94834B2A2}.Debug|x86.ActiveCfg = Debug|Win32
		{8979CDED-B3E9-46F4-8527-CEF94834B2A2}.Debug|x86.Build.0 = Debug|Win32
		{8979CDED-B3E9-46F4-8527-CEF94834B2A2}.Release|ARM.ActiveCfg = Release|x64
		{8979CDED-B3E9-46F4-8527-CEF94834B2A2}.Release|ARM.Build.0 = Release|x64
		{8979CDED-B3E9-46F4-8527-CEF94834B2A2}.Release|ARM64.ActiveCfg = Release|x64
		{8979CDED-B3E9-46F4-8527-CEF94834B2A2}.Release|ARM64.Build.0 = Release|x64
		{8979CDED-B3E9-46F4-8527-CEF94834B2A2}.Release|x64.ActiveCfg = Release|x64
		{8979CDED-B3E9-46F4-8527-CEF94834B2A2}.Release|x64.Build.0 = Release|x64
		{8979CDED-B3E9-46F4-8527-CEF94834B2A2}.Release|x86.ActiveCfg = Release|Win32
		{8979CDED-B3E9-46F4-8527-CEF94834B2A2}.Release|x86.Build.0 = Release|Win32
		{F7E3E76A-05DF-418C-8390-A487A870CC6F}.Debug|ARM.ActiveCfg = Debug|x64
		{F7E3E76A-05DF-418C-8390-A487A870CC6F}.Debug|ARM.Build.0 = Debug|x64
		{F7E3E76A-05DF-418C-8390-A487A870CC6F}.Debug|ARM64.ActiveCfg = Debug|x64
		{F7E3E76A-05DF-418C-8390-A487A870CC6F}.Debug|ARM64.Build.0 = Debug|x64
		{F7E3E76A-05DF-418C-8390-A487A870CC6F}.Debug|x64.ActiveCfg = Debug|x64
		{F7E3E76A-05DF-418C-8390-A487A870CC6F}.Debug|x64.Build.0 = Debug|x64
		{F7E3E76A-05DF-418C-8390-A487A870CC6F}.Debug|x86.ActiveCfg = Debug|Win32
		{F7E3E76A-05DF-418C-8390-A487A870CC6F}.Debug|x86.Build.0 = Debug|Win32
		{F7E3E76A-05DF-418C-8390-A487A870CC6F}.Release|ARM.ActiveCfg = Release|x64
		{F7E3E76A-05DF-418C-8390-A487A870CC6F}.Release|ARM.Build.0 = Release|x64
		{F7E3E76A-05DF-418C-8390-A487A870CC6F}.Release|ARM64.ActiveCfg = Release|x64
		{F7E3E76A-05DF-418C-8390-A487A870CC6F}.Release|ARM64.Build.0 = Release|x64
		{F7E3E76A-05DF-418C-8390-A487A870CC6F}.Release|x64.ActiveCfg = Release|x64
		{F7E3E76A-05DF-418C-8390-A487A870CC6F}.Release|x64.Build.0 = Release|x64
		{F7E3E76A-05DF-418C-8390-A487A870CC6F}.Release|x86.ActiveCfg = Release|Win32
		{F7E3E76A-05DF-418C-8390-A487A870CC6F}.Release|x86.Build.0 = Release|Win32
		{031E0261-BC02-44E2-9855-889F37E7A1F8}.Debug|ARM.ActiveCfg = Debug|x64
		{031E0261-BC02-44E2-9855-889F37E7A1F8}.Debug|ARM.Build.0 = Debug|x64
		{031E0261-BC02-44E2-9855-889F37E7A1F8}.Debug|ARM64.ActiveCfg = Debug|x64
		{031E0261-BC02-44E2-9855-889F37E7A1F8}.Debug|ARM64.Build.0 = Debug|x64
		{031E0261-BC02-44E2-9855-889F37E7A1F8}.Debug|x64.ActiveCfg = Debug|x64
		{031E0261-BC02-44E2-9855-889F37E7A1F8}.Debug|x64.Build.0 = Debug|x64
		{031E0261-BC02-44E2-9855-889F37E7A1F8}.Debug|x86.ActiveCfg = Debug|Win32
		{031E0261-BC02-44E2-9855-889F37E7A1F8}.Debug|x86.Build.0 = Debug|Win32
		{031E0261-BC02-44E2-9855-889F37E7A1F8}.Release|ARM.ActiveCfg = Release|x64
		{031E0261-BC02-44E2-9855-889F37E7A1F8}.Release|ARM.Build.0 = Release|x64
		{031E0261-BC02-44E2-9855-889F37E7A1F8}.Release|ARM64.ActiveCfg = Release|x64
		{031E0261-BC02-44E2-9855-889F37E7A1F8}.Release|ARM64.Build.0 = Release|x64
		{031E0261-BC02-44E2-9855-889F37E7A1F8}.Release|x64.ActiveCfg = Release|x64
		{031E0261-BC02-44E2-9855-889F37E7A1F8}.Release|x64.Build.0 = Release|x64
		{031E0261-BC02-44E2-9855-889F37E7A1F8}.Release|x86.ActiveCfg = Release|Win32
		{031E0261-BC02-44E2-9855-889F37E7A1F8}.Release|x86.Build.0 = Release|Win32
		{87C4FBD3-BA94-47A3-86C5-8FF948E40CD9}.Debug|ARM.ActiveCfg = Debug|x64
		{87C4FBD3-BA94-47A3-86C5-8FF948E40CD9}.Debug|ARM.Build.0 = Debug|x64
		{87C4FBD3-BA94-47A3-86C5-8FF948E40CD9}.Debug|ARM64.ActiveCfg = Debug|x64
		{87C4FBD3-BA94-47A3-86C5-8FF948E40CD9}.Debug|ARM64.Build.0 = Debug|x64
		{87C4FBD3-BA94-47A3-86C5-8FF948E40CD9}.Debug|x64.ActiveCfg = Debug|x64
		{87C4FBD3-BA94-47A3-86C5-8FF948E40CD9}.Debug|x64.Build.0 = Debug|x64
		{87C4FBD3-BA94-47A3-86C5-8FF948E40CD9}.Debug|x86.ActiveCfg = Debug|Win32
		{87C4FBD3-BA94-47A3-86C5-8FF948E40CD9}.Debug|x86.Build.0 = Debug|Win32
		{87C4FBD3-BA94-47A3-86C5-8FF948E40CD9}.Release|ARM.ActiveCfg = Release|x64
		{87C4FBD3-BA94-47A3-86C5-8FF948E40CD9}.Release|ARM.Build.0 = Release|x64
		{87C4FBD3-BA94-47A3-86C5-8FF948E40CD9}.Release|ARM64.ActiveCfg = Release|x64
		{87C4FBD3-BA94-47A3-86C5-8FF948E40CD9}.Release|ARM64.Build.0 = Release|x64
		{87C4FBD3-BA94-47A3-86C5-8FF948E40CD9}.Release|x64.ActiveCfg = Release|x64
		{87C4FBD3-BA94-47A3-86C5-8FF948E40CD9}.Release|x64.Build.0 = Release|x64
		{87C4FBD3-BA94-47A3-86C5-8FF948E40CD9}.Release|x86.ActiveCfg = Release|Win32
		{87C4FBD3-BA94-47A3-86C5-8FF948E40CD9}.Release|x86.Build.0 = Release|Win32
		{3C68E525-24FF-4C55-A3FD-391C032A80D4}.Debug|ARM.ActiveCfg = Debug|x64
		{3C68E525-24FF-4C55-A3FD-391C032A80D4}.Debug|ARM.Build.0 = Debug|x64
		{3C68E525-24FF-4C55-A3FD-391C032A80D4}.Debug|ARM64.ActiveCfg = Debug|x64
		{3C68E525-24FF-4C55-A3FD-391C032A80D4}.Debug|ARM64.Build.0 = Debug|x64
		{3C68E525-24FF-4C55-A3FD-391C032A80D4}.Debug|x64.ActiveCfg = Debug|x64
		{3C68E525-24FF-4C55-A3FD-391C032A80D4}.Debug|x64.Build.0 = Debug|x64
		{3C68E525-24FF-4C55-A3FD-391C032A80D4}.Debug|x86.ActiveCfg = Debug|Win32
		{3C68E525-24FF-4C55-A3FD-391C032A80D4}.Debug|x86.Build.0 = Debug|Win32
		{3C68E525-24FF-4C55-A3FD-391C032A80D4}.Release|ARM.ActiveCfg = Release|x64
		{3C68E525-24FF-4C55-A3FD-391C032A80D4}.Release|ARM.Build.0 = Release|x64
		{3C68E525-24FF-4C55-A3FD-391C032A80D4}.Release|ARM64.ActiveCfg = Release|x64
		{3C68E525-24FF-4C55-A3FD-391C032A80D4}.Release|ARM64.Build.0 = Release|x64
		{3C68E525-24FF-4C55-A3FD-391C032A80D4}.Release|x64.ActiveCfg = Release|x64
		{3C68E525-24FF-4C55-A3FD-391C032A80D4}.Release|x64.Build.0 = Release|x64
		{3C68E525-24FF-4C55-A3FD-391C032A80D4}.Release|x86.ActiveCfg = Release|Win32
		{3C68E525-24FF-4C55-A3FD-391C032A80D4}.Release|x86.Build.0 = Release|Win32
		{17506377-0385-4CDD-A101-2AB62FB200F4}.Debug|ARM.ActiveCfg = Debug|x64
		{17506377-0385-4CDD-A101-2AB62FB200F4}.Debug|ARM.Build.0 = Debug|x64
		{17506377-0385-4CDD-A101-2AB62FB200F4}.Debug|ARM64.ActiveCfg = Debug|x64
		{17506377-0385-4CDD-A101-2AB62FB200F4}.Debug|ARM64.Build.0 = Debug|x64
		{17506377-0385-4CDD-A101-2AB62FB200F4}.Debug|x64.ActiveCfg = Debug|x64
		{17506377-0385-4CDD-A101-2AB62FB200F4}.Debug|x64.Build.0 = Debug|x64
		{17506377-0385-4CDD-A101-2AB62FB200F4}.Debug|x86.ActiveCfg = Debug|Win32
		{17506377-0385-4CDD-A101-2AB62FB200F4}.Debug|x86.Build.0 = Debug|Win32
		{17506377-0385-4CDD-A101-2AB62FB200F4}.Release|ARM.ActiveCfg = Release|x64
		{17506377-0385-4CDD-A101-2AB62FB200F4}.Release|ARM.Build.0 = Release|x64
		{17506377-0385-4CDD-A101-2AB62FB200F4}.Release|ARM64.ActiveCfg = Release|x64
		{17506377-0385-4CDD-A101-2AB62FB200F4}.Release|ARM64.Build.0 = Release|x64
		{17506377-0385-4CDD-A101-2AB62FB200F4}.Release|x64.ActiveCfg = Release|x64
		{17506377-0385-4CDD-A101-2AB62FB200F4}.Release|x64.Build.0 = Release|x64
		{17506377-0385-4CDD-A101-2AB62FB200F4}.Release|x86.ActiveCfg = Release|Win32
		{17506377-0385-4CDD-A101-2AB62FB200F4}.Release|x86.Build.0 = Release|Win32
		{485D461A-0673-4C1C-B219-D8E029A12C74}.Debug|ARM.ActiveCfg = Debug|ARM
		{485D461A-0673-4C1C-B219-D8E029A12C74}.Debug|ARM.Build.0 = Debug|ARM
		{485D461A-0673-4C1C-B219-D8E029A12C74}.Debug|ARM.Deploy.0 = Debug|ARM
		{485D461A-0673-4C1C-B219-D8E029A12C74}.Debug|ARM64.ActiveCfg = Debug|ARM64
		{485D461A-0673-4C1C-B219-D8E029A12C74}.Debug|ARM64.Build.0 = Debug|ARM64
		{485D461A-0673-4C1C-B219-D8E029A12C74}.Debug|ARM64.Deploy.0 = Debug|ARM64
		{485D461A-0673-4C1C-B219-D8E029A12C74}.Debug|x64.ActiveCfg = Debug|x64
		{485D461A-0673-4C1C-B219-D8E029A12C74}.Debug|x64.Build.0 = Debug|x64
		{485D461A-0673-4C1C-B219-D8E029A12C74}.Debug|x64.Deploy.0 = Debug|x64
		{485D461A-0673-4C1C-B219-D8E029A12C74}.Debug|x86.ActiveCfg = Debug|Win32
		{485D461A-0673-4C1C-B219-D8E029A12C74}.Debug|x86.Build.0 = Debug|Win32
		{485D461A-0673-4C1C-B219-D8E029A12C74}.Debug|x86.Deploy.0 = Debug|Win32
		{485D461A-0673-4C1C-B219-D8E029A12C74}.Release|ARM.ActiveCfg = Release|ARM
		{485D461A-0673-4C1C-B219-D8E029A12C74}.Release|ARM.Build.0 = Release|ARM
		{485D461A-0673-4C1C-B219-D8E029A12C74}.Release|ARM.Deploy.0 = Release|ARM
		{485D461A-0673-4C1C-B219-D8E029A12C74}.Release|ARM64.ActiveCfg = Release|ARM64
		{485D461A-0673-4C1C-B219-D8E029A12C74}.Release|ARM64.Build.0 = Release|ARM64
		{485D461A-0673-4C1C-B219-D8E029A12C74}.Release|ARM64.Deploy.0 = Release|ARM64
		{485D461A-0673-4C1C-B219-D8E029A12C74}.Release|x64.ActiveCfg = Release|x64
		{485D461A-0673-4C1C-B219-D8E029A12C74}.Release|x64.Build.0 = Release|x64
		{485D461A-0673-4C1C-B219-D8E029A12C74}.Release|x64.Deploy.0 = Release|x64
		{485D461A-0673-4C1C-B219-D8E029A12C74}.Release|x86.ActiveCfg = Release|Win32
		{485D461A-0673-4C1C-B219-D8E029A12C74}.Release|x86.Build.0 = Release|Win32
		{485D461A-0673-4C1C-B219-D8E029A12C74}.Release|x86.Deploy.0 = Release|Win32
		{0FC994AE-5D81-48A3-9E7F-DA8CA5D86707}.Debug|ARM.ActiveCfg = Debug|x64
		{0FC994AE-5D81-48A3-9E7F-DA8CA5D86707}.Debug|ARM.Build.0 = Debug|x64
		{0FC994AE-5D81-48A3-9E7F-DA8CA5D86707}.Debug|ARM64.ActiveCfg = Debug|x64
		{0FC994AE-5D81-48A3-9E7F-DA8CA5D86707}.Debug|ARM64.Build.0 = Debug|x64
		{0FC994AE-5D81-48A3-9E7F-DA8CA5D86707}.Debug|x64.ActiveCfg = Debug|x64
		{0FC994AE-5D81-48A3-9E7F-DA8CA5D86707}.Debug|x64.Build.0 = Debug|x64
		{0FC994AE-5D81-48A3-9E7F-DA8CA5D86707}.Debug|x86.ActiveCfg = Debug|Win32
		{0FC994AE-5D81-48A3-9E7F-DA8CA5D86707}.Debug|x86.Build.0 = Debug|Win32
		{0FC994AE-5D81-48A3-9E7F-DA8CA5D86707}.Release|ARM.ActiveCfg = Release|x64
		{0FC994AE-5D81-48A3-9E7F-DA8CA5D86707}.Release|ARM.Build.0 = Release|x64
		{0FC994AE-5D81-48A3-9E7F-DA8CA5D86707}.Release|ARM64.ActiveCfg = Release|x64
		{0FC994AE-5D81-48A3-9E7F-DA8CA5D86707}.Release|ARM64.Build.0 = Release|x64
		{0FC994AE-5D81-48A3-9E7F-DA8CA5D86707}.Release|x64.ActiveCfg = Release|x64
		{0FC994AE-5D81-48A3-9E7F-DA8CA5D86707}.Release|x64.Build.0 = Release|x64
		{0FC994AE-5D81-48A3-9E7F-DA8CA5D86707}.Release|x86.ActiveCfg = Release|Win32
		{0FC994AE-5D81-48A3-9E7F-DA8CA5D86707}.Release|x86.Build.0 = Release|Win32
		{8B51FD20-9AD6-4BB8-A669-61E2D6048CF4}.Debug|ARM.ActiveCfg = Debug|x64
		{8B51FD20-9AD6-4BB8-A669-61E2D6048CF4}.Debug|ARM.Build.0 = Debug|x64
		{8B51FD20-9AD6-4BB8-A669-61E2D6048CF4}.Debug|ARM64.ActiveCfg = Debug|x64
		{8B51FD20-9AD6-4BB8-A669-61E2D6048CF4}.Debug|ARM64.Build.0 = Debug|x64
		{8B51FD20-9AD6-4BB8-A669-61E2D6048CF4}.Debug|x64.ActiveCfg = Debug|x64
		{8B51FD20-9AD6-4BB8-A669-61E2D6048CF4}.Debug|x64.Build.0 = Debug|x64
		{8B51FD20-9AD6-4BB8-A669-61E2D6048CF4}.Debug|x86.ActiveCfg = Debug|Win32
		{8B51FD20-9AD6-4BB8-A669-61E2D6048CF4}.Debug|x86.Build.0 = Debug|Win32
		{8B51FD20-9AD6-4BB8-A669-61E2D6048CF4}.Release|ARM.ActiveCfg = Release|x64
		{8B51FD20-9AD6-4BB8-A669-61E2D6048CF4}.Release|ARM.Build.0 = Release|x64
		{8B51FD20-9AD6-4BB8-A669-61E2D6048CF4}.Release|ARM64.ActiveCfg = Release|x64
		{8B51FD20-9AD6-4BB8-A669-61E2D6048CF4}.Release|ARM64.Build.0 = Release|x64
		{8B51FD20-9AD6-4BB8-A669-61E2D6048CF4}.Release|x64.ActiveCfg = Release|x64
		{8B51FD20-9AD6-4BB8-A669-61E2D6048CF4}.Release|x64.Build.0 = Release|x64
		{8B51FD20-9AD6-4BB8-A669-61E2D6048CF4}.Release|x86.ActiveCfg = Release|Win32
		{8B51FD20-9AD6-4BB8-A669-61E2D6048CF4}.Release|x86.Build.0 = Release|Win32
	EndGlobalSection
	GlobalSection(SolutionProperties) = preSolution
		HideSolutionNode = FALSE
	EndGlobalSection
	GlobalSection(ExtensibilityGlobals) = postSolution
		SolutionGuid = {9FDBEAE4-6A2F-4A0F-BF53-30752A47DB2E}
	EndGlobalSection
EndGlobal
